
Microsoft Visual Studio Solution File, Format Version 12.00
# Visual Studio Version 17
VisualStudioVersion = 17.8.34330.188
MinimumVisualStudioVersion = 10.0.40219.1
Project("{9A19103F-16F7-4668-BE54-9A1E7A4F7556}") = "TopLearn.DataLayer", "TopLearn.DataLayer\TopLearn.DataLayer.csproj", "{4B27F639-639F-42BC-A6A8-93ACA948D295}"
EndProject
Project("{9A19103F-16F7-4668-BE54-9A1E7A4F7556}") = "TopLearn.Core", "TopLearn.Core\TopLearn.Core.csproj", "{3E1BD6F1-13F4-4132-920D-1EA95B8BB664}"
EndProject
Project("{9A19103F-16F7-4668-BE54-9A1E7A4F7556}") = "TopLEarn.Web", "TopLEarn.Web\TopLEarn.Web.csproj", "{7A29DB1A-76E7-454C-BC0C-C01D53C0051F}"
EndProject
Global
	GlobalSection(SolutionConfigurationPlatforms) = preSolution
		Debug|Any CPU = Debug|Any CPU
		Release|Any CPU = Release|Any CPU
	EndGlobalSection
	GlobalSection(ProjectConfigurationPlatforms) = postSolution
		{4B27F639-639F-42BC-A6A8-93ACA948D295}.Debug|Any CPU.ActiveCfg = Debug|Any CPU
		{4B27F639-639F-42BC-A6A8-93ACA948D295}.Debug|Any CPU.Build.0 = Debug|Any CPU
		{4B27F639-639F-42BC-A6A8-93ACA948D295}.Release|Any CPU.ActiveCfg = Release|Any CPU
		{4B27F639-639F-42BC-A6A8-93ACA948D295}.Release|Any CPU.Build.0 = Release|Any CPU
		{3E1BD6F1-13F4-4132-920D-1EA95B8BB664}.Debug|Any CPU.ActiveCfg = Debug|Any CPU
		{3E1BD6F1-13F4-4132-920D-1EA95B8BB664}.Debug|Any CPU.Build.0 = Debug|Any CPU
		{3E1BD6F1-13F4-4132-920D-1EA95B8BB664}.Release|Any CPU.ActiveCfg = Release|Any CPU
		{3E1BD6F1-13F4-4132-920D-1EA95B8BB664}.Release|Any CPU.Build.0 = Release|Any CPU
		{7A29DB1A-76E7-454C-BC0C-C01D53C0051F}.Debug|Any CPU.ActiveCfg = Debug|Any CPU
		{7A29DB1A-76E7-454C-BC0C-C01D53C0051F}.Debug|Any CPU.Build.0 = Debug|Any CPU
		{7A29DB1A-76E7-454C-BC0C-C01D53C0051F}.Release|Any CPU.ActiveCfg = Release|Any CPU
		{7A29DB1A-76E7-454C-BC0C-C01D53C0051F}.Release|Any CPU.Build.0 = Release|Any CPU
	EndGlobalSection
	GlobalSection(SolutionProperties) = preSolution
		HideSolutionNode = FALSE
	EndGlobalSection
	GlobalSection(ExtensibilityGlobals) = postSolution
		SolutionGuid = {861BDB04-E90A-411E-B560-D15C1C02C507}
	EndGlobalSection
EndGlobal
